
Microsoft Visual Studio Solution File, Format Version 12.00
# Visual Studio 15
VisualStudioVersion = 15.0.27703.2035
MinimumVisualStudioVersion = 10.0.40219.1
Project("{FAE04EC0-301F-11D3-BF4B-00C04F79EFBC}") = "Memory", "Memory\Memory.csproj", "{27725BCF-FF5A-4D0E-A5A6-CB9876CB70BE}"
EndProject
Global
	GlobalSection(SolutionConfigurationPlatforms) = preSolution
		Debug|Any CPU = Debug|Any CPU
		Release|Any CPU = Release|Any CPU
	EndGlobalSection
	GlobalSection(ProjectConfigurationPlatforms) = postSolution
		{27725BCF-FF5A-4D0E-A5A6-CB9876CB70BE}.Debug|Any CPU.ActiveCfg = Debug|Any CPU
		{27725BCF-FF5A-4D0E-A5A6-CB9876CB70BE}.Debug|Any CPU.Build.0 = Debug|Any CPU
		{27725BCF-FF5A-4D0E-A5A6-CB9876CB70BE}.Release|Any CPU.ActiveCfg = Release|Any CPU
		{27725BCF-FF5A-4D0E-A5A6-CB9876CB70BE}.Release|Any CPU.Build.0 = Release|Any CPU
	EndGlobalSection
	GlobalSection(SolutionProperties) = preSolution
		HideSolutionNode = FALSE
	EndGlobalSection
	GlobalSection(ExtensibilityGlobals) = postSolution
		SolutionGuid = {090FBCCE-06AB-4228-B810-960EB487365A}
	EndGlobalSection
EndGlobal
